github.com/gorilla/websocket v1.4.2 h1:+/TMaTYc4QFitKJxsQ7Yye35DkWvkdLcvGKqM+x0Ufc=
github.com/gorilla/websocket v1.4.2/go.mod h1:YR8l580nyteQvAITg2hZ9XVh4b55+EU/adAjf1fMHhE=
github.com/maxhawkins/go-webrtcvad v0.0.0-20210121163624-be60036f3083 h1:0JDcvP4R28p6+u8VIHCwYx7UwiHZ074INz3C397oc9s=
github.com/maxhawkins/go-webrtcvad v0.0.0-20210121163624-be60036f3083/go.mod h1:YdrZ05xnooeP54y7m+/UvI23O1Td46PjWkLJu1VLObM=
